// !$*UTF8*$!
{
	archiveVersion = 1;
	classes = {
	};
	objectVersion = 51;
	objects = {

/* Begin PBXBuildFile section */
		6EBA138A961CBD4B2ED5E6A2 /* Pods_ProjectSY_ProjectSYUITests.framework in Frameworks */ = {isa = PBXBuildFile; fileRef = 297450F6589FC38F20EFAB26 /* Pods_ProjectSY_ProjectSYUITests.framework */; };
		86864962530A5B99EB020E00 /* Pods_ProjectSY.framework in Frameworks */ = {isa = PBXBuildFile; fileRef = 99D42970B18CB304AE794D0A /* Pods_ProjectSY.framework */; };
		A9C5F71FFAB9B7831042DE96 /* Pods_ProjectSYTests.framework in Frameworks */ = {isa = PBXBuildFile; fileRef = 05313B43519BDB156CB15E73 /* Pods_ProjectSYTests.framework */; };
		BF408D4824D04F910070225A /* AppDelegate.swift in Sources */ = {isa = PBXBuildFile; fileRef = BF408D4724D04F910070225A /* AppDelegate.swift */; };
		BF408D4A24D04F910070225A /* SceneDelegate.swift in Sources */ = {isa = PBXBuildFile; fileRef = BF408D4924D04F910070225A /* SceneDelegate.swift */; };
		BF408D5124D04F920070225A /* Assets.xcassets in Resources */ = {isa = PBXBuildFile; fileRef = BF408D5024D04F920070225A /* Assets.xcassets */; };
		BF408D5F24D04F920070225A /* ProjectSYTests.swift in Sources */ = {isa = PBXBuildFile; fileRef = BF408D5E24D04F920070225A /* ProjectSYTests.swift */; };
		BF408D6A24D04F920070225A /* ProjectSYUITests.swift in Sources */ = {isa = PBXBuildFile; fileRef = BF408D6924D04F920070225A /* ProjectSYUITests.swift */; };
		BF408D8B24D052F00070225A /* LaunchScreen.storyboard in Resources */ = {isa = PBXBuildFile; fileRef = BF408D8624D052F00070225A /* LaunchScreen.storyboard */; };
		BF408D8C24D052F00070225A /* LaunchScreen.storyboard in Resources */ = {isa = PBXBuildFile; fileRef = BF408D8624D052F00070225A /* LaunchScreen.storyboard */; };
		BF408D8D24D052F00070225A /* LaunchScreen.storyboard in Resources */ = {isa = PBXBuildFile; fileRef = BF408D8624D052F00070225A /* LaunchScreen.storyboard */; };
		BF408D8E24D052F00070225A /* Main.storyboard in Resources */ = {isa = PBXBuildFile; fileRef = BF408D8724D052F00070225A /* Main.storyboard */; };
		BF408D8F24D052F00070225A /* Main.storyboard in Resources */ = {isa = PBXBuildFile; fileRef = BF408D8724D052F00070225A /* Main.storyboard */; };
		BF408D9024D052F00070225A /* Main.storyboard in Resources */ = {isa = PBXBuildFile; fileRef = BF408D8724D052F00070225A /* Main.storyboard */; };
		BF408D9524D17F050070225A /* StartViewController.swift in Sources */ = {isa = PBXBuildFile; fileRef = BF408D9424D17F050070225A /* StartViewController.swift */; };
		BF408D9624D17F050070225A /* StartViewController.swift in Sources */ = {isa = PBXBuildFile; fileRef = BF408D9424D17F050070225A /* StartViewController.swift */; };
		BF408D9724D17F050070225A /* StartViewController.swift in Sources */ = {isa = PBXBuildFile; fileRef = BF408D9424D17F050070225A /* StartViewController.swift */; };
		BF408D9924D1B4190070225A /* TabBar.storyboard in Resources */ = {isa = PBXBuildFile; fileRef = BF408D9824D1B4190070225A /* TabBar.storyboard */; };
		BF408D9A24D1B4190070225A /* TabBar.storyboard in Resources */ = {isa = PBXBuildFile; fileRef = BF408D9824D1B4190070225A /* TabBar.storyboard */; };
		BF408D9B24D1B4190070225A /* TabBar.storyboard in Resources */ = {isa = PBXBuildFile; fileRef = BF408D9824D1B4190070225A /* TabBar.storyboard */; };
		BF408D9D24D1B5B40070225A /* HomeViewController.swift in Sources */ = {isa = PBXBuildFile; fileRef = BF408D9C24D1B5B40070225A /* HomeViewController.swift */; };
		BF408D9E24D1B5B40070225A /* HomeViewController.swift in Sources */ = {isa = PBXBuildFile; fileRef = BF408D9C24D1B5B40070225A /* HomeViewController.swift */; };
		BF408D9F24D1B5B40070225A /* HomeViewController.swift in Sources */ = {isa = PBXBuildFile; fileRef = BF408D9C24D1B5B40070225A /* HomeViewController.swift */; };
		BF9F7D3E24F806D0000718F5 /* GoogleService-Info.plist in Resources */ = {isa = PBXBuildFile; fileRef = BF9F7D3D24F806D0000718F5 /* GoogleService-Info.plist */; };
		BF9F7D3F24F806D0000718F5 /* GoogleService-Info.plist in Resources */ = {isa = PBXBuildFile; fileRef = BF9F7D3D24F806D0000718F5 /* GoogleService-Info.plist */; };
		BF9F7D4024F806D0000718F5 /* GoogleService-Info.plist in Resources */ = {isa = PBXBuildFile; fileRef = BF9F7D3D24F806D0000718F5 /* GoogleService-Info.plist */; };
		BF9F7D4424FD4CC7000718F5 /* User.swift in Sources */ = {isa = PBXBuildFile; fileRef = BF9F7D4324FD4CC7000718F5 /* User.swift */; };
		BF9F7D4624FE36BA000718F5 /* SignInViewController.swift in Sources */ = {isa = PBXBuildFile; fileRef = BF9F7D4524FE36BA000718F5 /* SignInViewController.swift */; };
		BF9F7D4724FE36BA000718F5 /* SignInViewController.swift in Sources */ = {isa = PBXBuildFile; fileRef = BF9F7D4524FE36BA000718F5 /* SignInViewController.swift */; };
		BF9F7D4824FE36BA000718F5 /* SignInViewController.swift in Sources */ = {isa = PBXBuildFile; fileRef = BF9F7D4524FE36BA000718F5 /* SignInViewController.swift */; };
		BFAA89552503A83E00BA4A57 /* makeNewConnectViewController.swift in Sources */ = {isa = PBXBuildFile; fileRef = BFAA89542503A83E00BA4A57 /* makeNewConnectViewController.swift */; };
		BFAA89562503A83E00BA4A57 /* makeNewConnectViewController.swift in Sources */ = {isa = PBXBuildFile; fileRef = BFAA89542503A83E00BA4A57 /* makeNewConnectViewController.swift */; };
		BFAA89572503A83E00BA4A57 /* makeNewConnectViewController.swift in Sources */ = {isa = PBXBuildFile; fileRef = BFAA89542503A83E00BA4A57 /* makeNewConnectViewController.swift */; };
		BFAA89592503BCFC00BA4A57 /* newProfileViewController.swift in Sources */ = {isa = PBXBuildFile; fileRef = BFAA89582503BCFC00BA4A57 /* newProfileViewController.swift */; };
		BFAA895A2503BCFC00BA4A57 /* newProfileViewController.swift in Sources */ = {isa = PBXBuildFile; fileRef = BFAA89582503BCFC00BA4A57 /* newProfileViewController.swift */; };
		BFAA895B2503BCFC00BA4A57 /* newProfileViewController.swift in Sources */ = {isa = PBXBuildFile; fileRef = BFAA89582503BCFC00BA4A57 /* newProfileViewController.swift */; };
		BFAA895E2503D29300BA4A57 /* imagePicker.swift in Sources */ = {isa = PBXBuildFile; fileRef = BFAA895D2503D29300BA4A57 /* imagePicker.swift */; };
		BFAA895F2503D29300BA4A57 /* imagePicker.swift in Sources */ = {isa = PBXBuildFile; fileRef = BFAA895D2503D29300BA4A57 /* imagePicker.swift */; };
		BFAA89602503D29300BA4A57 /* imagePicker.swift in Sources */ = {isa = PBXBuildFile; fileRef = BFAA895D2503D29300BA4A57 /* imagePicker.swift */; };
/* End PBXBuildFile section */

/* Begin PBXContainerItemProxy section */
		BF408D5B24D04F920070225A /* PBXContainerItemProxy */ = {
			isa = PBXContainerItemProxy;
			containerPortal = BF408D3C24D04F910070225A /* Project object */;
			proxyType = 1;
			remoteGlobalIDString = BF408D4324D04F910070225A;
			remoteInfo = ProjectSY;
		};
		BF408D6624D04F920070225A /* PBXContainerItemProxy */ = {
			isa = PBXContainerItemProxy;
			containerPortal = BF408D3C24D04F910070225A /* Project object */;
			proxyType = 1;
			remoteGlobalIDString = BF408D4324D04F910070225A;
			remoteInfo = ProjectSY;
		};
/* End PBXContainerItemProxy section */

/* Begin PBXFileReference section */
		05313B43519BDB156CB15E73 /* Pods_ProjectSYTests.framework */ = {isa = PBXFileReference; explicitFileType = wrapper.framework; includeInIndex = 0; path = Pods_ProjectSYTests.framework; sourceTree = BUILT_PRODUCTS_DIR; };
		297450F6589FC38F20EFAB26 /* Pods_ProjectSY_ProjectSYUITests.framework */ = {isa = PBXFileReference; explicitFileType = wrapper.framework; includeInIndex = 0; path = Pods_ProjectSY_ProjectSYUITests.framework; sourceTree = BUILT_PRODUCTS_DIR; };
		37AD0613B2DC87E37C34EA10 /* Pods-ProjectSY-ProjectSYUITests.debug.xcconfig */ = {isa = PBXFileReference; includeInIndex = 1; lastKnownFileType = text.xcconfig; name = "Pods-ProjectSY-ProjectSYUITests.debug.xcconfig"; path = "Target Support Files/Pods-ProjectSY-ProjectSYUITests/Pods-ProjectSY-ProjectSYUITests.debug.xcconfig"; sourceTree = "<group>"; };
		614A7AF7CDEDD5AD6552F7DB /* Pods-ProjectSY-ProjectSYUITests.release.xcconfig */ = {isa = PBXFileReference; includeInIndex = 1; lastKnownFileType = text.xcconfig; name = "Pods-ProjectSY-ProjectSYUITests.release.xcconfig"; path = "Target Support Files/Pods-ProjectSY-ProjectSYUITests/Pods-ProjectSY-ProjectSYUITests.release.xcconfig"; sourceTree = "<group>"; };
		99D42970B18CB304AE794D0A /* Pods_ProjectSY.framework */ = {isa = PBXFileReference; explicitFileType = wrapper.framework; includeInIndex = 0; path = Pods_ProjectSY.framework; sourceTree = BUILT_PRODUCTS_DIR; };
		A18F8EA278FB8136372FBADE /* Pods-ProjectSYTests.release.xcconfig */ = {isa = PBXFileReference; includeInIndex = 1; lastKnownFileType = text.xcconfig; name = "Pods-ProjectSYTests.release.xcconfig"; path = "Target Support Files/Pods-ProjectSYTests/Pods-ProjectSYTests.release.xcconfig"; sourceTree = "<group>"; };
		BC3CC992858AEC134737071C /* Pods-ProjectSY.debug.xcconfig */ = {isa = PBXFileReference; includeInIndex = 1; lastKnownFileType = text.xcconfig; name = "Pods-ProjectSY.debug.xcconfig"; path = "Target Support Files/Pods-ProjectSY/Pods-ProjectSY.debug.xcconfig"; sourceTree = "<group>"; };
		BF408D4424D04F910070225A /* ProjectSY.app */ = {isa = PBXFileReference; explicitFileType = wrapper.application; includeInIndex = 0; path = ProjectSY.app; sourceTree = BUILT_PRODUCTS_DIR; };
		BF408D4724D04F910070225A /* AppDelegate.swift */ = {isa = PBXFileReference; lastKnownFileType = sourcecode.swift; path = AppDelegate.swift; sourceTree = "<group>"; };
		BF408D4924D04F910070225A /* SceneDelegate.swift */ = {isa = PBXFileReference; lastKnownFileType = sourcecode.swift; path = SceneDelegate.swift; sourceTree = "<group>"; };
		BF408D5024D04F920070225A /* Assets.xcassets */ = {isa = PBXFileReference; lastKnownFileType = folder.assetcatalog; path = Assets.xcassets; sourceTree = "<group>"; };
		BF408D5524D04F920070225A /* Info.plist */ = {isa = PBXFileReference; lastKnownFileType = text.plist.xml; path = Info.plist; sourceTree = "<group>"; };
		BF408D5A24D04F920070225A /* ProjectSYTests.xctest */ = {isa = PBXFileReference; explicitFileType = wrapper.cfbundle; includeInIndex = 0; path = ProjectSYTests.xctest; sourceTree = BUILT_PRODUCTS_DIR; };
		BF408D5E24D04F920070225A /* ProjectSYTests.swift */ = {isa = PBXFileReference; lastKnownFileType = sourcecode.swift; path = ProjectSYTests.swift; sourceTree = "<group>"; };
		BF408D6024D04F920070225A /* Info.plist */ = {isa = PBXFileReference; lastKnownFileType = text.plist.xml; path = Info.plist; sourceTree = "<group>"; };
		BF408D6524D04F920070225A /* ProjectSYUITests.xctest */ = {isa = PBXFileReference; explicitFileType = wrapper.cfbundle; includeInIndex = 0; path = ProjectSYUITests.xctest; sourceTree = BUILT_PRODUCTS_DIR; };
		BF408D6924D04F920070225A /* ProjectSYUITests.swift */ = {isa = PBXFileReference; lastKnownFileType = sourcecode.swift; path = ProjectSYUITests.swift; sourceTree = "<group>"; };
		BF408D6B24D04F920070225A /* Info.plist */ = {isa = PBXFileReference; lastKnownFileType = text.plist.xml; path = Info.plist; sourceTree = "<group>"; };
		BF408D8624D052F00070225A /* LaunchScreen.storyboard */ = {isa = PBXFileReference; fileEncoding = 4; lastKnownFileType = file.storyboard; path = LaunchScreen.storyboard; sourceTree = "<group>"; };
		BF408D8724D052F00070225A /* Main.storyboard */ = {isa = PBXFileReference; fileEncoding = 4; lastKnownFileType = file.storyboard; path = Main.storyboard; sourceTree = "<group>"; };
		BF408D9424D17F050070225A /* StartViewController.swift */ = {isa = PBXFileReference; lastKnownFileType = sourcecode.swift; path = StartViewController.swift; sourceTree = "<group>"; };
		BF408D9824D1B4190070225A /* TabBar.storyboard */ = {isa = PBXFileReference; lastKnownFileType = file.storyboard; path = TabBar.storyboard; sourceTree = "<group>"; };
		BF408D9C24D1B5B40070225A /* HomeViewController.swift */ = {isa = PBXFileReference; lastKnownFileType = sourcecode.swift; path = HomeViewController.swift; sourceTree = "<group>"; };
		BF9F7D3D24F806D0000718F5 /* GoogleService-Info.plist */ = {isa = PBXFileReference; fileEncoding = 4; lastKnownFileType = text.plist.xml; path = "GoogleService-Info.plist"; sourceTree = "<group>"; };
		BF9F7D4324FD4CC7000718F5 /* User.swift */ = {isa = PBXFileReference; lastKnownFileType = sourcecode.swift; path = User.swift; sourceTree = "<group>"; };
		BF9F7D4524FE36BA000718F5 /* SignInViewController.swift */ = {isa = PBXFileReference; lastKnownFileType = sourcecode.swift; path = SignInViewController.swift; sourceTree = "<group>"; };
		BFAA89542503A83E00BA4A57 /* makeNewConnectViewController.swift */ = {isa = PBXFileReference; lastKnownFileType = sourcecode.swift; path = makeNewConnectViewController.swift; sourceTree = "<group>"; };
		BFAA89582503BCFC00BA4A57 /* newProfileViewController.swift */ = {isa = PBXFileReference; lastKnownFileType = sourcecode.swift; path = newProfileViewController.swift; sourceTree = "<group>"; };
		BFAA895D2503D29300BA4A57 /* imagePicker.swift */ = {isa = PBXFileReference; lastKnownFileType = sourcecode.swift; path = imagePicker.swift; sourceTree = "<group>"; };
		BFD9367522C389254FCAB4E8 /* Pods-ProjectSY.release.xcconfig */ = {isa = PBXFileReference; includeInIndex = 1; lastKnownFileType = text.xcconfig; name = "Pods-ProjectSY.release.xcconfig"; path = "Target Support Files/Pods-ProjectSY/Pods-ProjectSY.release.xcconfig"; sourceTree = "<group>"; };
		C22FA1EAB95AD553980075EB /* Pods-ProjectSYTests.debug.xcconfig */ = {isa = PBXFileReference; includeInIndex = 1; lastKnownFileType = text.xcconfig; name = "Pods-ProjectSYTests.debug.xcconfig"; path = "Target Support Files/Pods-ProjectSYTests/Pods-ProjectSYTests.debug.xcconfig"; sourceTree = "<group>"; };
/* End PBXFileReference section */

/* Begin PBXFrameworksBuildPhase section */
		BF408D4124D04F910070225A /* Frameworks */ = {
			isa = PBXFrameworksBuildPhase;
			buildActionMask = 2147483647;
			files = (
				86864962530A5B99EB020E00 /* Pods_ProjectSY.framework in Frameworks */,
			);
			runOnlyForDeploymentPostprocessing = 0;
		};
		BF408D5724D04F920070225A /* Frameworks */ = {
			isa = PBXFrameworksBuildPhase;
			buildActionMask = 2147483647;
			files = (
				A9C5F71FFAB9B7831042DE96 /* Pods_ProjectSYTests.framework in Frameworks */,
			);
			runOnlyForDeploymentPostprocessing = 0;
		};
		BF408D6224D04F920070225A /* Frameworks */ = {
			isa = PBXFrameworksBuildPhase;
			buildActionMask = 2147483647;
			files = (
				6EBA138A961CBD4B2ED5E6A2 /* Pods_ProjectSY_ProjectSYUITests.framework in Frameworks */,
			);
			runOnlyForDeploymentPostprocessing = 0;
		};
/* End PBXFrameworksBuildPhase section */

/* Begin PBXGroup section */
		BF408D3B24D04F910070225A = {
			isa = PBXGroup;
			children = (
				BF408D4624D04F910070225A /* ProjectSY */,
				BF408D5D24D04F920070225A /* ProjectSYTests */,
				BF408D6824D04F920070225A /* ProjectSYUITests */,
				BF408D4524D04F910070225A /* Products */,
				CE7C9FF417569ADEC9F6946E /* Pods */,
				EA5EA39FD3BB2AA0D4E9BB16 /* Frameworks */,
			);
			sourceTree = "<group>";
		};
		BF408D4524D04F910070225A /* Products */ = {
			isa = PBXGroup;
			children = (
				BF408D4424D04F910070225A /* ProjectSY.app */,
				BF408D5A24D04F920070225A /* ProjectSYTests.xctest */,
				BF408D6524D04F920070225A /* ProjectSYUITests.xctest */,
			);
			name = Products;
			sourceTree = "<group>";
		};
		BF408D4624D04F910070225A /* ProjectSY */ = {
			isa = PBXGroup;
			children = (
				BFAA895C2503CFCD00BA4A57 /* Utils */,
				BF408D8A24D052F00070225A /* Models */,
				BF408D8524D052F00070225A /* Views */,
				BF408D8824D052F00070225A /* Controllers */,
				BF408D4724D04F910070225A /* AppDelegate.swift */,
				BF408D4924D04F910070225A /* SceneDelegate.swift */,
				BF408D5024D04F920070225A /* Assets.xcassets */,
				BF9F7D3D24F806D0000718F5 /* GoogleService-Info.plist */,
				BF408D5524D04F920070225A /* Info.plist */,
			);
			path = ProjectSY;
			sourceTree = "<group>";
		};
		BF408D5D24D04F920070225A /* ProjectSYTests */ = {
			isa = PBXGroup;
			children = (
				BF408D5E24D04F920070225A /* ProjectSYTests.swift */,
				BF408D6024D04F920070225A /* Info.plist */,
			);
			path = ProjectSYTests;
			sourceTree = "<group>";
		};
		BF408D6824D04F920070225A /* ProjectSYUITests */ = {
			isa = PBXGroup;
			children = (
				BF408D6924D04F920070225A /* ProjectSYUITests.swift */,
				BF408D6B24D04F920070225A /* Info.plist */,
			);
			path = ProjectSYUITests;
			sourceTree = "<group>";
		};
		BF408D8524D052F00070225A /* Views */ = {
			isa = PBXGroup;
			children = (
				BF408D8624D052F00070225A /* LaunchScreen.storyboard */,
				BF408D8724D052F00070225A /* Main.storyboard */,
				BF408D9824D1B4190070225A /* TabBar.storyboard */,
			);
			path = Views;
			sourceTree = "<group>";
		};
		BF408D8824D052F00070225A /* Controllers */ = {
			isa = PBXGroup;
			children = (
				BFAA89532503A80700BA4A57 /* StartVCs */,
				BF408D9C24D1B5B40070225A /* HomeViewController.swift */,
			);
			path = Controllers;
			sourceTree = "<group>";
		};
		BF408D8A24D052F00070225A /* Models */ = {
			isa = PBXGroup;
			children = (
				BF9F7D4324FD4CC7000718F5 /* User.swift */,
			);
			path = Models;
			sourceTree = "<group>";
		};
		BFAA89532503A80700BA4A57 /* StartVCs */ = {
			isa = PBXGroup;
			children = (
				BF408D9424D17F050070225A /* StartViewController.swift */,
				BF9F7D4524FE36BA000718F5 /* SignInViewController.swift */,
				BFAA89542503A83E00BA4A57 /* makeNewConnectViewController.swift */,
				BFAA89582503BCFC00BA4A57 /* newProfileViewController.swift */,
			);
			path = StartVCs;
			sourceTree = "<group>";
		};
		BFAA895C2503CFCD00BA4A57 /* Utils */ = {
			isa = PBXGroup;
			children = (
				BFAA895D2503D29300BA4A57 /* imagePicker.swift */,
			);
			path = Utils;
			sourceTree = "<group>";
		};
		CE7C9FF417569ADEC9F6946E /* Pods */ = {
			isa = PBXGroup;
			children = (
				BC3CC992858AEC134737071C /* Pods-ProjectSY.debug.xcconfig */,
				BFD9367522C389254FCAB4E8 /* Pods-ProjectSY.release.xcconfig */,
				37AD0613B2DC87E37C34EA10 /* Pods-ProjectSY-ProjectSYUITests.debug.xcconfig */,
				614A7AF7CDEDD5AD6552F7DB /* Pods-ProjectSY-ProjectSYUITests.release.xcconfig */,
				C22FA1EAB95AD553980075EB /* Pods-ProjectSYTests.debug.xcconfig */,
				A18F8EA278FB8136372FBADE /* Pods-ProjectSYTests.release.xcconfig */,
			);
			path = Pods;
			sourceTree = "<group>";
		};
		EA5EA39FD3BB2AA0D4E9BB16 /* Frameworks */ = {
			isa = PBXGroup;
			children = (
				99D42970B18CB304AE794D0A /* Pods_ProjectSY.framework */,
				297450F6589FC38F20EFAB26 /* Pods_ProjectSY_ProjectSYUITests.framework */,
				05313B43519BDB156CB15E73 /* Pods_ProjectSYTests.framework */,
			);
			name = Frameworks;
			sourceTree = "<group>";
		};
/* End PBXGroup section */

/* Begin PBXNativeTarget section */
		BF408D4324D04F910070225A /* ProjectSY */ = {
			isa = PBXNativeTarget;
			buildConfigurationList = BF408D6E24D04F920070225A /* Build configuration list for PBXNativeTarget "ProjectSY" */;
			buildPhases = (
				7A4793AE71CDFB53C43B2BB8 /* [CP] Check Pods Manifest.lock */,
				BF408D4024D04F910070225A /* Sources */,
				BF408D4124D04F910070225A /* Frameworks */,
				BF408D4224D04F910070225A /* Resources */,
				E698E9FAD2A2A7AC1F5424CB /* [CP] Embed Pods Frameworks */,
				532E6DC2D4E4AAFA97A62DA5 /* [CP] Copy Pods Resources */,
			);
			buildRules = (
			);
			dependencies = (
			);
			name = ProjectSY;
			productName = ProjectSY;
			productReference = BF408D4424D04F910070225A /* ProjectSY.app */;
			productType = "com.apple.product-type.application";
		};
		BF408D5924D04F920070225A /* ProjectSYTests */ = {
			isa = PBXNativeTarget;
			buildConfigurationList = BF408D7124D04F920070225A /* Build configuration list for PBXNativeTarget "ProjectSYTests" */;
			buildPhases = (
				B02187E1B41420C24A4ACB2F /* [CP] Check Pods Manifest.lock */,
				BF408D5624D04F920070225A /* Sources */,
				BF408D5724D04F920070225A /* Frameworks */,
				BF408D5824D04F920070225A /* Resources */,
			);
			buildRules = (
			);
			dependencies = (
				BF408D5C24D04F920070225A /* PBXTargetDependency */,
			);
			name = ProjectSYTests;
			productName = ProjectSYTests;
			productReference = BF408D5A24D04F920070225A /* ProjectSYTests.xctest */;
			productType = "com.apple.product-type.bundle.unit-test";
		};
		BF408D6424D04F920070225A /* ProjectSYUITests */ = {
			isa = PBXNativeTarget;
			buildConfigurationList = BF408D7424D04F920070225A /* Build configuration list for PBXNativeTarget "ProjectSYUITests" */;
			buildPhases = (
				08CB99ACCF47BC372AF1BF49 /* [CP] Check Pods Manifest.lock */,
				BF408D6124D04F920070225A /* Sources */,
				BF408D6224D04F920070225A /* Frameworks */,
				BF408D6324D04F920070225A /* Resources */,
				6D250E98872248A828BEA3FC /* [CP] Embed Pods Frameworks */,
				FE847E7507047A796C711D92 /* [CP] Copy Pods Resources */,
			);
			buildRules = (
			);
			dependencies = (
				BF408D6724D04F920070225A /* PBXTargetDependency */,
			);
			name = ProjectSYUITests;
			productName = ProjectSYUITests;
			productReference = BF408D6524D04F920070225A /* ProjectSYUITests.xctest */;
			productType = "com.apple.product-type.bundle.ui-testing";
		};
/* End PBXNativeTarget section */

/* Begin PBXProject section */
		BF408D3C24D04F910070225A /* Project object */ = {
			isa = PBXProject;
			attributes = {
				LastSwiftUpdateCheck = 1150;
				LastUpgradeCheck = 1150;
				ORGANIZATIONNAME = "한상현";
				TargetAttributes = {
					BF408D4324D04F910070225A = {
						CreatedOnToolsVersion = 11.5;
					};
					BF408D5924D04F920070225A = {
						CreatedOnToolsVersion = 11.5;
						TestTargetID = BF408D4324D04F910070225A;
					};
					BF408D6424D04F920070225A = {
						CreatedOnToolsVersion = 11.5;
						TestTargetID = BF408D4324D04F910070225A;
					};
				};
			};
			buildConfigurationList = BF408D3F24D04F910070225A /* Build configuration list for PBXProject "ProjectSY" */;
			compatibilityVersion = "Xcode 9.3";
			developmentRegion = en;
			hasScannedForEncodings = 0;
			knownRegions = (
				en,
				Base,
			);
			mainGroup = BF408D3B24D04F910070225A;
			productRefGroup = BF408D4524D04F910070225A /* Products */;
			projectDirPath = "";
			projectRoot = "";
			targets = (
				BF408D4324D04F910070225A /* ProjectSY */,
				BF408D5924D04F920070225A /* ProjectSYTests */,
				BF408D6424D04F920070225A /* ProjectSYUITests */,
			);
		};
/* End PBXProject section */

/* Begin PBXResourcesBuildPhase section */
		BF408D4224D04F910070225A /* Resources */ = {
			isa = PBXResourcesBuildPhase;
			buildActionMask = 2147483647;
			files = (
				BF408D9924D1B4190070225A /* TabBar.storyboard in Resources */,
				BF408D8E24D052F00070225A /* Main.storyboard in Resources */,
				BF9F7D3E24F806D0000718F5 /* GoogleService-Info.plist in Resources */,
				BF408D8B24D052F00070225A /* LaunchScreen.storyboard in Resources */,
				BF408D5124D04F920070225A /* Assets.xcassets in Resources */,
			);
			runOnlyForDeploymentPostprocessing = 0;
		};
		BF408D5824D04F920070225A /* Resources */ = {
			isa = PBXResourcesBuildPhase;
			buildActionMask = 2147483647;
			files = (
				BF408D8C24D052F00070225A /* LaunchScreen.storyboard in Resources */,
				BF9F7D3F24F806D0000718F5 /* GoogleService-Info.plist in Resources */,
				BF408D9A24D1B4190070225A /* TabBar.storyboard in Resources */,
				BF408D8F24D052F00070225A /* Main.storyboard in Resources */,
			);
			runOnlyForDeploymentPostprocessing = 0;
		};
		BF408D6324D04F920070225A /* Resources */ = {
			isa = PBXResourcesBuildPhase;
			buildActionMask = 2147483647;
			files = (
				BF408D8D24D052F00070225A /* LaunchScreen.storyboard in Resources */,
				BF9F7D4024F806D0000718F5 /* GoogleService-Info.plist in Resources */,
				BF408D9B24D1B4190070225A /* TabBar.storyboard in Resources */,
				BF408D9024D052F00070225A /* Main.storyboard in Resources */,
			);
			runOnlyForDeploymentPostprocessing = 0;
		};
/* End PBXResourcesBuildPhase section */

/* Begin PBXShellScriptBuildPhase section */
		08CB99ACCF47BC372AF1BF49 /* [CP] Check Pods Manifest.lock */ = {
			isa = PBXShellScriptBuildPhase;
			buildActionMask = 2147483647;
			files = (
			);
			inputFileListPaths = (
			);
			inputPaths = (
				"${PODS_PODFILE_DIR_PATH}/Podfile.lock",
				"${PODS_ROOT}/Manifest.lock",
			);
			name = "[CP] Check Pods Manifest.lock";
			outputFileListPaths = (
			);
			outputPaths = (
				"$(DERIVED_FILE_DIR)/Pods-ProjectSY-ProjectSYUITests-checkManifestLockResult.txt",
			);
			runOnlyForDeploymentPostprocessing = 0;
			shellPath = /bin/sh;
			shellScript = "diff \"${PODS_PODFILE_DIR_PATH}/Podfile.lock\" \"${PODS_ROOT}/Manifest.lock\" > /dev/null\nif [ $? != 0 ] ; then\n    # print error to STDERR\n    echo \"error: The sandbox is not in sync with the Podfile.lock. Run 'pod install' or update your CocoaPods installation.\" >&2\n    exit 1\nfi\n# This output is used by Xcode 'outputs' to avoid re-running this script phase.\necho \"SUCCESS\" > \"${SCRIPT_OUTPUT_FILE_0}\"\n";
			showEnvVarsInLog = 0;
		};
		532E6DC2D4E4AAFA97A62DA5 /* [CP] Copy Pods Resources */ = {
			isa = PBXShellScriptBuildPhase;
			buildActionMask = 2147483647;
			files = (
			);
			inputFileListPaths = (
				"${PODS_ROOT}/Target Support Files/Pods-ProjectSY/Pods-ProjectSY-resources-${CONFIGURATION}-input-files.xcfilelist",
			);
			name = "[CP] Copy Pods Resources";
			outputFileListPaths = (
				"${PODS_ROOT}/Target Support Files/Pods-ProjectSY/Pods-ProjectSY-resources-${CONFIGURATION}-output-files.xcfilelist",
			);
			runOnlyForDeploymentPostprocessing = 0;
			shellPath = /bin/sh;
			shellScript = "\"${PODS_ROOT}/Target Support Files/Pods-ProjectSY/Pods-ProjectSY-resources.sh\"\n";
			showEnvVarsInLog = 0;
		};
		6D250E98872248A828BEA3FC /* [CP] Embed Pods Frameworks */ = {
			isa = PBXShellScriptBuildPhase;
			buildActionMask = 2147483647;
			files = (
			);
			inputFileListPaths = (
				"${PODS_ROOT}/Target Support Files/Pods-ProjectSY-ProjectSYUITests/Pods-ProjectSY-ProjectSYUITests-frameworks-${CONFIGURATION}-input-files.xcfilelist",
			);
			name = "[CP] Embed Pods Frameworks";
			outputFileListPaths = (
				"${PODS_ROOT}/Target Support Files/Pods-ProjectSY-ProjectSYUITests/Pods-ProjectSY-ProjectSYUITests-frameworks-${CONFIGURATION}-output-files.xcfilelist",
			);
			runOnlyForDeploymentPostprocessing = 0;
			shellPath = /bin/sh;
			shellScript = "\"${PODS_ROOT}/Target Support Files/Pods-ProjectSY-ProjectSYUITests/Pods-ProjectSY-ProjectSYUITests-frameworks.sh\"\n";
			showEnvVarsInLog = 0;
		};
		7A4793AE71CDFB53C43B2BB8 /* [CP] Check Pods Manifest.lock */ = {
			isa = PBXShellScriptBuildPhase;
			buildActionMask = 2147483647;
			files = (
			);
			inputFileListPaths = (
			);
			inputPaths = (
				"${PODS_PODFILE_DIR_PATH}/Podfile.lock",
				"${PODS_ROOT}/Manifest.lock",
			);
			name = "[CP] Check Pods Manifest.lock";
			outputFileListPaths = (
			);
			outputPaths = (
				"$(DERIVED_FILE_DIR)/Pods-ProjectSY-checkManifestLockResult.txt",
			);
			runOnlyForDeploymentPostprocessing = 0;
			shellPath = /bin/sh;
			shellScript = "diff \"${PODS_PODFILE_DIR_PATH}/Podfile.lock\" \"${PODS_ROOT}/Manifest.lock\" > /dev/null\nif [ $? != 0 ] ; then\n    # print error to STDERR\n    echo \"error: The sandbox is not in sync with the Podfile.lock. Run 'pod install' or update your CocoaPods installation.\" >&2\n    exit 1\nfi\n# This output is used by Xcode 'outputs' to avoid re-running this script phase.\necho \"SUCCESS\" > \"${SCRIPT_OUTPUT_FILE_0}\"\n";
			showEnvVarsInLog = 0;
		};
		B02187E1B41420C24A4ACB2F /* [CP] Check Pods Manifest.lock */ = {
			isa = PBXShellScriptBuildPhase;
			buildActionMask = 2147483647;
			files = (
			);
			inputFileListPaths = (
			);
			inputPaths = (
				"${PODS_PODFILE_DIR_PATH}/Podfile.lock",
				"${PODS_ROOT}/Manifest.lock",
			);
			name = "[CP] Check Pods Manifest.lock";
			outputFileListPaths = (
			);
			outputPaths = (
				"$(DERIVED_FILE_DIR)/Pods-ProjectSYTests-checkManifestLockResult.txt",
			);
			runOnlyForDeploymentPostprocessing = 0;
			shellPath = /bin/sh;
			shellScript = "diff \"${PODS_PODFILE_DIR_PATH}/Podfile.lock\" \"${PODS_ROOT}/Manifest.lock\" > /dev/null\nif [ $? != 0 ] ; then\n    # print error to STDERR\n    echo \"error: The sandbox is not in sync with the Podfile.lock. Run 'pod install' or update your CocoaPods installation.\" >&2\n    exit 1\nfi\n# This output is used by Xcode 'outputs' to avoid re-running this script phase.\necho \"SUCCESS\" > \"${SCRIPT_OUTPUT_FILE_0}\"\n";
			showEnvVarsInLog = 0;
		};
		E698E9FAD2A2A7AC1F5424CB /* [CP] Embed Pods Frameworks */ = {
			isa = PBXShellScriptBuildPhase;
			buildActionMask = 2147483647;
			files = (
			);
			inputFileListPaths = (
				"${PODS_ROOT}/Target Support Files/Pods-ProjectSY/Pods-ProjectSY-frameworks-${CONFIGURATION}-input-files.xcfilelist",
			);
			name = "[CP] Embed Pods Frameworks";
			outputFileListPaths = (
				"${PODS_ROOT}/Target Support Files/Pods-ProjectSY/Pods-ProjectSY-frameworks-${CONFIGURATION}-output-files.xcfilelist",
			);
			runOnlyForDeploymentPostprocessing = 0;
			shellPath = /bin/sh;
			shellScript = "\"${PODS_ROOT}/Target Support Files/Pods-ProjectSY/Pods-ProjectSY-frameworks.sh\"\n";
			showEnvVarsInLog = 0;
		};
		FE847E7507047A796C711D92 /* [CP] Copy Pods Resources */ = {
			isa = PBXShellScriptBuildPhase;
			buildActionMask = 2147483647;
			files = (
			);
			inputFileListPaths = (
				"${PODS_ROOT}/Target Support Files/Pods-ProjectSY-ProjectSYUITests/Pods-ProjectSY-ProjectSYUITests-resources-${CONFIGURATION}-input-files.xcfilelist",
			);
			name = "[CP] Copy Pods Resources";
			outputFileListPaths = (
				"${PODS_ROOT}/Target Support Files/Pods-ProjectSY-ProjectSYUITests/Pods-ProjectSY-ProjectSYUITests-resources-${CONFIGURATION}-output-files.xcfilelist",
			);
			runOnlyForDeploymentPostprocessing = 0;
			shellPath = /bin/sh;
			shellScript = "\"${PODS_ROOT}/Target Support Files/Pods-ProjectSY-ProjectSYUITests/Pods-ProjectSY-ProjectSYUITests-resources.sh\"\n";
			showEnvVarsInLog = 0;
		};
/* End PBXShellScriptBuildPhase section */

/* Begin PBXSourcesBuildPhase section */
		BF408D4024D04F910070225A /* Sources */ = {
			isa = PBXSourcesBuildPhase;
			buildActionMask = 2147483647;
			files = (
				BF9F7D4624FE36BA000718F5 /* SignInViewController.swift in Sources */,
				BFAA895E2503D29300BA4A57 /* imagePicker.swift in Sources */,
				BF408D4824D04F910070225A /* AppDelegate.swift in Sources */,
				BF408D4A24D04F910070225A /* SceneDelegate.swift in Sources */,
				BFAA89592503BCFC00BA4A57 /* newProfileViewController.swift in Sources */,
				BF9F7D4424FD4CC7000718F5 /* User.swift in Sources */,
				BF408D9524D17F050070225A /* StartViewController.swift in Sources */,
				BFAA89552503A83E00BA4A57 /* makeNewConnectViewController.swift in Sources */,
				BF408D9D24D1B5B40070225A /* HomeViewController.swift in Sources */,
			);
			runOnlyForDeploymentPostprocessing = 0;
		};
		BF408D5624D04F920070225A /* Sources */ = {
			isa = PBXSourcesBuildPhase;
			buildActionMask = 2147483647;
			files = (
				BF9F7D4724FE36BA000718F5 /* SignInViewController.swift in Sources */,
				BFAA895A2503BCFC00BA4A57 /* newProfileViewController.swift in Sources */,
				BF408D5F24D04F920070225A /* ProjectSYTests.swift in Sources */,
				BF408D9624D17F050070225A /* StartViewController.swift in Sources */,
				BFAA89562503A83E00BA4A57 /* makeNewConnectViewController.swift in Sources */,
				BFAA895F2503D29300BA4A57 /* imagePicker.swift in Sources */,
				BF408D9E24D1B5B40070225A /* HomeViewController.swift in Sources */,
			);
			runOnlyForDeploymentPostprocessing = 0;
		};
		BF408D6124D04F920070225A /* Sources */ = {
			isa = PBXSourcesBuildPhase;
			buildActionMask = 2147483647;
			files = (
				BF9F7D4824FE36BA000718F5 /* SignInViewController.swift in Sources */,
				BFAA895B2503BCFC00BA4A57 /* newProfileViewController.swift in Sources */,
				BF408D6A24D04F920070225A /* ProjectSYUITests.swift in Sources */,
				BF408D9724D17F050070225A /* StartViewController.swift in Sources */,
				BFAA89572503A83E00BA4A57 /* makeNewConnectViewController.swift in Sources */,
				BFAA89602503D29300BA4A57 /* imagePicker.swift in Sources */,
				BF408D9F24D1B5B40070225A /* HomeViewController.swift in Sources */,
			);
			runOnlyForDeploymentPostprocessing = 0;
		};
/* End PBXSourcesBuildPhase section */

/* Begin PBXTargetDependency section */
		BF408D5C24D04F920070225A /* PBXTargetDependency */ = {
			isa = PBXTargetDependency;
			target = BF408D4324D04F910070225A /* ProjectSY */;
			targetProxy = BF408D5B24D04F920070225A /* PBXContainerItemProxy */;
		};
		BF408D6724D04F920070225A /* PBXTargetDependency */ = {
			isa = PBXTargetDependency;
			target = BF408D4324D04F910070225A /* ProjectSY */;
			targetProxy = BF408D6624D04F920070225A /* PBXContainerItemProxy */;
		};
/* End PBXTargetDependency section */

/* Begin XCBuildConfiguration section */
		BF408D6C24D04F920070225A /* Debug */ = {
			isa = XCBuildConfiguration;
			buildSettings = {
				ALWAYS_SEARCH_USER_PATHS = NO;
				CLANG_ANALYZER_NONNULL = YES;
				CLANG_ANALYZER_NUMBER_OBJECT_CONVERSION = YES_AGGRESSIVE;
				CLANG_CXX_LANGUAGE_STANDARD = "gnu++14";
				CLANG_CXX_LIBRARY = "libc++";
				CLANG_ENABLE_MODULES = YES;
				CLANG_ENABLE_OBJC_ARC = YES;
				CLANG_ENABLE_OBJC_WEAK = YES;
				CLANG_WARN_BLOCK_CAPTURE_AUTORELEASING = YES;
				CLANG_WARN_BOOL_CONVERSION = YES;
				CLANG_WARN_COMMA = YES;
				CLANG_WARN_CONSTANT_CONVERSION = YES;
				CLANG_WARN_DEPRECATED_OBJC_IMPLEMENTATIONS = YES;
				CLANG_WARN_DIRECT_OBJC_ISA_USAGE = YES_ERROR;
				CLANG_WARN_DOCUMENTATION_COMMENTS = YES;
				CLANG_WARN_EMPTY_BODY = YES;
				CLANG_WARN_ENUM_CONVERSION = YES;
				CLANG_WARN_INFINITE_RECURSION = YES;
				CLANG_WARN_INT_CONVERSION = YES;
				CLANG_WARN_NON_LITERAL_NULL_CONVERSION = YES;
				CLANG_WARN_OBJC_IMPLICIT_RETAIN_SELF = YES;
				CLANG_WARN_OBJC_LITERAL_CONVERSION = YES;
				CLANG_WARN_OBJC_ROOT_CLASS = YES_ERROR;
				CLANG_WARN_RANGE_LOOP_ANALYSIS = YES;
				CLANG_WARN_STRICT_PROTOTYPES = YES;
				CLANG_WARN_SUSPICIOUS_MOVE = YES;
				CLANG_WARN_UNGUARDED_AVAILABILITY = YES_AGGRESSIVE;
				CLANG_WARN_UNREACHABLE_CODE = YES;
				CLANG_WARN__DUPLICATE_METHOD_MATCH = YES;
				COPY_PHASE_STRIP = NO;
				DEBUG_INFORMATION_FORMAT = dwarf;
				ENABLE_STRICT_OBJC_MSGSEND = YES;
				ENABLE_TESTABILITY = YES;
				GCC_C_LANGUAGE_STANDARD = gnu11;
				GCC_DYNAMIC_NO_PIC = NO;
				GCC_NO_COMMON_BLOCKS = YES;
				GCC_OPTIMIZATION_LEVEL = 0;
				GCC_PREPROCESSOR_DEFINITIONS = (
					"DEBUG=1",
					"$(inherited)",
				);
				GCC_WARN_64_TO_32_BIT_CONVERSION = YES;
				GCC_WARN_ABOUT_RETURN_TYPE = YES_ERROR;
				GCC_WARN_UNDECLARED_SELECTOR = YES;
				GCC_WARN_UNINITIALIZED_AUTOS = YES_AGGRESSIVE;
				GCC_WARN_UNUSED_FUNCTION = YES;
				GCC_WARN_UNUSED_VARIABLE = YES;
				IPHONEOS_DEPLOYMENT_TARGET = 13.5;
				MTL_ENABLE_DEBUG_INFO = INCLUDE_SOURCE;
				MTL_FAST_MATH = YES;
				ONLY_ACTIVE_ARCH = YES;
				SDKROOT = iphoneos;
				SWIFT_ACTIVE_COMPILATION_CONDITIONS = DEBUG;
				SWIFT_OPTIMIZATION_LEVEL = "-Onone";
			};
			name = Debug;
		};
		BF408D6D24D04F920070225A /* Release */ = {
			isa = XCBuildConfiguration;
			buildSettings = {
				ALWAYS_SEARCH_USER_PATHS = NO;
				CLANG_ANALYZER_NONNULL = YES;
				CLANG_ANALYZER_NUMBER_OBJECT_CONVERSION = YES_AGGRESSIVE;
				CLANG_CXX_LANGUAGE_STANDARD = "gnu++14";
				CLANG_CXX_LIBRARY = "libc++";
				CLANG_ENABLE_MODULES = YES;
				CLANG_ENABLE_OBJC_ARC = YES;
				CLANG_ENABLE_OBJC_WEAK = YES;
				CLANG_WARN_BLOCK_CAPTURE_AUTORELEASING = YES;
				CLANG_WARN_BOOL_CONVERSION = YES;
				CLANG_WARN_COMMA = YES;
				CLANG_WARN_CONSTANT_CONVERSION = YES;
				CLANG_WARN_DEPRECATED_OBJC_IMPLEMENTATIONS = YES;
				CLANG_WARN_DIRECT_OBJC_ISA_USAGE = YES_ERROR;
				CLANG_WARN_DOCUMENTATION_COMMENTS = YES;
				CLANG_WARN_EMPTY_BODY = YES;
				CLANG_WARN_ENUM_CONVERSION = YES;
				CLANG_WARN_INFINITE_RECURSION = YES;
				CLANG_WARN_INT_CONVERSION = YES;
				CLANG_WARN_NON_LITERAL_NULL_CONVERSION = YES;
				CLANG_WARN_OBJC_IMPLICIT_RETAIN_SELF = YES;
				CLANG_WARN_OBJC_LITERAL_CONVERSION = YES;
				CLANG_WARN_OBJC_ROOT_CLASS = YES_ERROR;
				CLANG_WARN_RANGE_LOOP_ANALYSIS = YES;
				CLANG_WARN_STRICT_PROTOTYPES = YES;
				CLANG_WARN_SUSPICIOUS_MOVE = YES;
				CLANG_WARN_UNGUARDED_AVAILABILITY = YES_AGGRESSIVE;
				CLANG_WARN_UNREACHABLE_CODE = YES;
				CLANG_WARN__DUPLICATE_METHOD_MATCH = YES;
				COPY_PHASE_STRIP = NO;
				DEBUG_INFORMATION_FORMAT = "dwarf-with-dsym";
				ENABLE_NS_ASSERTIONS = NO;
				ENABLE_STRICT_OBJC_MSGSEND = YES;
				GCC_C_LANGUAGE_STANDARD = gnu11;
				GCC_NO_COMMON_BLOCKS = YES;
				GCC_WARN_64_TO_32_BIT_CONVERSION = YES;
				GCC_WARN_ABOUT_RETURN_TYPE = YES_ERROR;
				GCC_WARN_UNDECLARED_SELECTOR = YES;
				GCC_WARN_UNINITIALIZED_AUTOS = YES_AGGRESSIVE;
				GCC_WARN_UNUSED_FUNCTION = YES;
				GCC_WARN_UNUSED_VARIABLE = YES;
				IPHONEOS_DEPLOYMENT_TARGET = 13.5;
				MTL_ENABLE_DEBUG_INFO = NO;
				MTL_FAST_MATH = YES;
				SDKROOT = iphoneos;
				SWIFT_COMPILATION_MODE = wholemodule;
				SWIFT_OPTIMIZATION_LEVEL = "-O";
				VALIDATE_PRODUCT = YES;
			};
			name = Release;
		};
		BF408D6F24D04F920070225A /* Debug */ = {
			isa = XCBuildConfiguration;
			baseConfigurationReference = BC3CC992858AEC134737071C /* Pods-ProjectSY.debug.xcconfig */;
			buildSettings = {
				ASSETCATALOG_COMPILER_APPICON_NAME = AppIcon;
				CODE_SIGN_STYLE = Automatic;
				DEVELOPMENT_TEAM = ZHQQM4M49J;
				INFOPLIST_FILE = ProjectSY/Info.plist;
				LD_RUNPATH_SEARCH_PATHS = (
					"$(inherited)",
					"@executable_path/Frameworks",
				);
				PRODUCT_BUNDLE_IDENTIFIER = MoBeau.ProjectSY;
				PRODUCT_NAME = "$(TARGET_NAME)";
				SWIFT_VERSION = 5.0;
				TARGETED_DEVICE_FAMILY = "1,2";
			};
			name = Debug;
		};
		BF408D7024D04F920070225A /* Release */ = {
			isa = XCBuildConfiguration;
			baseConfigurationReference = BFD9367522C389254FCAB4E8 /* Pods-ProjectSY.release.xcconfig */;
			buildSettings = {
				ASSETCATALOG_COMPILER_APPICON_NAME = AppIcon;
				CODE_SIGN_STYLE = Automatic;
				DEVELOPMENT_TEAM = ZHQQM4M49J;
				INFOPLIST_FILE = ProjectSY/Info.plist;
				LD_RUNPATH_SEARCH_PATHS = (
					"$(inherited)",
					"@executable_path/Frameworks",
				);
				PRODUCT_BUNDLE_IDENTIFIER = MoBeau.ProjectSY;
				PRODUCT_NAME = "$(TARGET_NAME)";
				SWIFT_VERSION = 5.0;
				TARGETED_DEVICE_FAMILY = "1,2";
			};
			name = Release;
		};
		BF408D7224D04F920070225A /* Debug */ = {
			isa = XCBuildConfiguration;
			baseConfigurationReference = C22FA1EAB95AD553980075EB /* Pods-ProjectSYTests.debug.xcconfig */;
			buildSettings = {
				ALWAYS_EMBED_SWIFT_STANDARD_LIBRARIES = YES;
				BUNDLE_LOADER = "$(TEST_HOST)";
				CODE_SIGN_STYLE = Automatic;
				DEVELOPMENT_TEAM = ZHQQM4M49J;
				INFOPLIST_FILE = ProjectSYTests/Info.plist;
				IPHONEOS_DEPLOYMENT_TARGET = 13.5;
				LD_RUNPATH_SEARCH_PATHS = (
					"$(inherited)",
					"@executable_path/Frameworks",
					"@loader_path/Frameworks",
				);
				PRODUCT_BUNDLE_IDENTIFIER = MoBeau.ProjectSYTests;
				PRODUCT_NAME = "$(TARGET_NAME)";
				SWIFT_VERSION = 5.0;
				TARGETED_DEVICE_FAMILY = "1,2";
				TEST_HOST = "$(BUILT_PRODUCTS_DIR)/ProjectSY.app/ProjectSY";
			};
			name = Debug;
		};
		BF408D7324D04F920070225A /* Release */ = {
			isa = XCBuildConfiguration;
			baseConfigurationReference = A18F8EA278FB8136372FBADE /* Pods-ProjectSYTests.release.xcconfig */;
			buildSettings = {
				ALWAYS_EMBED_SWIFT_STANDARD_LIBRARIES = YES;
				BUNDLE_LOADER = "$(TEST_HOST)";
				CODE_SIGN_STYLE = Automatic;
				DEVELOPMENT_TEAM = ZHQQM4M49J;
				INFOPLIST_FILE = ProjectSYTests/Info.plist;
				IPHONEOS_DEPLOYMENT_TARGET = 13.5;
				LD_RUNPATH_SEARCH_PATHS = (
					"$(inherited)",
					"@executable_path/Frameworks",
					"@loader_path/Frameworks",
				);
				PRODUCT_BUNDLE_IDENTIFIER = MoBeau.ProjectSYTests;
				PRODUCT_NAME = "$(TARGET_NAME)";
				SWIFT_VERSION = 5.0;
				TARGETED_DEVICE_FAMILY = "1,2";
				TEST_HOST = "$(BUILT_PRODUCTS_DIR)/ProjectSY.app/ProjectSY";
			};
			name = Release;
		};
		BF408D7524D04F920070225A /* Debug */ = {
			isa = XCBuildConfiguration;
			baseConfigurationReference = 37AD0613B2DC87E37C34EA10 /* Pods-ProjectSY-ProjectSYUITests.debug.xcconfig */;
			buildSettings = {
				ALWAYS_EMBED_SWIFT_STANDARD_LIBRARIES = YES;
				CODE_SIGN_STYLE = Automatic;
				DEVELOPMENT_TEAM = ZHQQM4M49J;
				INFOPLIST_FILE = ProjectSYUITests/Info.plist;
				LD_RUNPATH_SEARCH_PATHS = (
					"$(inherited)",
					"@executable_path/Frameworks",
					"@loader_path/Frameworks",
				);
				PRODUCT_BUNDLE_IDENTIFIER = MoBeau.ProjectSYUITests;
				PRODUCT_NAME = "$(TARGET_NAME)";
				SWIFT_VERSION = 5.0;
				TARGETED_DEVICE_FAMILY = "1,2";
				TEST_TARGET_NAME = ProjectSY;
			};
			name = Debug;
		};
		BF408D7624D04F920070225A /* Release */ = {
			isa = XCBuildConfiguration;
			baseConfigurationReference = 614A7AF7CDEDD5AD6552F7DB /* Pods-ProjectSY-ProjectSYUITests.release.xcconfig */;
			buildSettings = {
				ALWAYS_EMBED_SWIFT_STANDARD_LIBRARIES = YES;
				CODE_SIGN_STYLE = Automatic;
				DEVELOPMENT_TEAM = ZHQQM4M49J;
				INFOPLIST_FILE = ProjectSYUITests/Info.plist;
				LD_RUNPATH_SEARCH_PATHS = (
					"$(inherited)",
					"@executable_path/Frameworks",
					"@loader_path/Frameworks",
				);
				PRODUCT_BUNDLE_IDENTIFIER = MoBeau.ProjectSYUITests;
				PRODUCT_NAME = "$(TARGET_NAME)";
				SWIFT_VERSION = 5.0;
				TARGETED_DEVICE_FAMILY = "1,2";
				TEST_TARGET_NAME = ProjectSY;
			};
			name = Release;
		};
/* End XCBuildConfiguration section */

/* Begin XCConfigurationList section */
		BF408D3F24D04F910070225A /* Build configuration list for PBXProject "ProjectSY" */ = {
			isa = XCConfigurationList;
			buildConfigurations = (
				BF408D6C24D04F920070225A /* Debug */,
				BF408D6D24D04F920070225A /* Release */,
			);
			defaultConfigurationIsVisible = 0;
			defaultConfigurationName = Release;
		};
		BF408D6E24D04F920070225A /* Build configuration list for PBXNativeTarget "ProjectSY" */ = {
			isa = XCConfigurationList;
			buildConfigurations = (
				BF408D6F24D04F920070225A /* Debug */,
				BF408D7024D04F920070225A /* Release */,
			);
			defaultConfigurationIsVisible = 0;
			defaultConfigurationName = Release;
		};
		BF408D7124D04F920070225A /* Build configuration list for PBXNativeTarget "ProjectSYTests" */ = {
			isa = XCConfigurationList;
			buildConfigurations = (
				BF408D7224D04F920070225A /* Debug */,
				BF408D7324D04F920070225A /* Release */,
			);
			defaultConfigurationIsVisible = 0;
			defaultConfigurationName = Release;
		};
		BF408D7424D04F920070225A /* Build configuration list for PBXNativeTarget "ProjectSYUITests" */ = {
			isa = XCConfigurationList;
			buildConfigurations = (
				BF408D7524D04F920070225A /* Debug */,
				BF408D7624D04F920070225A /* Release */,
			);
			defaultConfigurationIsVisible = 0;
			defaultConfigurationName = Release;
		};
/* End XCConfigurationList section */
	};
	rootObject = BF408D3C24D04F910070225A /* Project object */;
}
